
Microsoft Visual Studio Solution File, Format Version 12.00
# Visual Studio Version 17
VisualStudioVersion = 17.3.32811.315
MinimumVisualStudioVersion = 10.0.40219.1
Project("{FAE04EC0-301F-11D3-BF4B-00C04F79EFBC}") = "A6.NET", "A6.NET\A6.NET.csproj", "{1BB1C1C8-9577-4C82-9B8B-063F3037B11E}"
EndProject
Global
	GlobalSection(SolutionConfigurationPlatforms) = preSolution
		Debug|Any CPU = Debug|Any CPU
		Release|Any CPU = Release|Any CPU
	EndGlobalSection
	GlobalSection(ProjectConfigurationPlatforms) = postSolution
		{1BB1C1C8-9577-4C82-9B8B-063F3037B11E}.Debug|Any CPU.ActiveCfg = Debug|Any CPU
		{1BB1C1C8-9577-4C82-9B8B-063F3037B11E}.Debug|Any CPU.Build.0 = Debug|Any CPU
		{1BB1C1C8-9577-4C82-9B8B-063F3037B11E}.Release|Any CPU.ActiveCfg = Release|Any CPU
		{1BB1C1C8-9577-4C82-9B8B-063F3037B11E}.Release|Any CPU.Build.0 = Release|Any CPU
	EndGlobalSection
	GlobalSection(SolutionProperties) = preSolution
		HideSolutionNode = FALSE
	EndGlobalSection
	GlobalSection(ExtensibilityGlobals) = postSolution
		SolutionGuid = {44F26A9D-B2C0-4FCB-89B7-C4DD170918B0}
	EndGlobalSection
EndGlobal
